github.com/mjwhitta/errors v1.0.4 h1:w7cofUxHfJAB1VD8VvcDsnTbrpt89hE5511U2Oak0y0=
github.com/mjwhitta/errors v1.0.4/go.mod h1:7uD4rO2nxbOcHN0EaV2JhVnxuK/0eVtFZ0mCABjqXlM=
github.com/mjwhitta/hilighter v1.11.11 h1:ETDnVI1MJM9qpOiXmeaHM73nveYuFf4+e8EPe2+HHLM=
github.com/mjwhitta/hilighter v1.11.11/go.mod h1:sC4djdlJlIUZi6bOTZUx0OyBMyVdAjscyEIsgbWbQIE=
