github.com/mjwhitta/errors v1.0.7 h1:gj4MNIc/DiZMZ7B0+Tz/0ExhpwurzOmuO3THTJZGkHw=
github.com/mjwhitta/errors v1.0.7/go.mod h1:NoDi7MJLuXJuf69DeHiQMveI72TcKJdEAGVb2JJOVOs=
github.com/mjwhitta/hilighter v1.14.0 h1:qunJ6/0sSKv9BXNCT8zyoehKI/RBCeVx/Up2a1OYQ6A=
github.com/mjwhitta/hilighter v1.14.0/go.mod h1:lRbKXyDboGjH+i/fP1wM/5XpCyFdVrW8F5FyQgn/2CU=
