github.com/mjwhitta/errors v1.0.3 h1:0+L8/7ypucj6ufBNt8Rm2qPvJ9qwmS+TtgOJYCYb6Sw=
github.com/mjwhitta/errors v1.0.3/go.mod h1:VxHM8bLMPVqkvHiYQq4Nq4sjNqPjUtKLhSF2I0wve5U=
github.com/mjwhitta/hilighter v1.11.10 h1:PjOI00Kr+NY2SpzqQMzOjZcTOJV6uurGibUq8mhRnRo=
github.com/mjwhitta/hilighter v1.11.10/go.mod h1:/6nqATH7zdFK+CDzYKdSzA0oXR+DGDHBME/Jktc5FoA=
